{
  "name": "question-3",
  "version": "1.0.0",
  "lockfileVersion": 3,
  "requires": true,
  "packages": {
    "": {
      "name": "question-3",
      "version": "1.0.0",
      "license": "ISC",
      "dependencies": {
        "to_findout_remaining_days_left_until_newyear_begin_2024": "^1.0.0"
      }
    },
    "node_modules/to_findout_remaining_days_left_until_newyear_begin_2024": {
      "version": "1.0.0",
      "resolved": "https://registry.npmjs.org/to_findout_remaining_days_left_until_newyear_begin_2024/-/to_findout_remaining_days_left_until_newyear_begin_2024-1.0.0.tgz",
      "integrity": "sha512-TPGyNyNdc2n9Ox7f8NAqSJc9vhjYt+l5SJilGgLqmXGsKIBOXbOAxf8mfJ12dz+shltHZ40XtnYJjKqM5RKXtA==",
      "bin": {
        "to_findout_remaining_days_left_until_newyear_begin_2024": "index.js"
      }
    }
  }
}
